
Microsoft Visual Studio Solution File, Format Version 12.00
# Visual Studio Version 16
VisualStudioVersion = 16.0.29613.14
MinimumVisualStudioVersion = 10.0.40219.1
Project("{FAE04EC0-301F-11D3-BF4B-00C04F79EFBC}") = "AvaliacaoConsole", "AvaliacaoConsole\AvaliacaoConsole.csproj", "{F6007330-6978-4590-A847-F51D61603219}"
EndProject
Project("{FAE04EC0-301F-11D3-BF4B-00C04F79EFBC}") = "AvaliacaoTests", "AvaliacaoTests\AvaliacaoTests.csproj", "{687EFC9D-5972-45DD-8D67-FC331C8376C7}"
EndProject
Project("{2150E333-8FDC-42A3-9474-1A3956D46DE8}") = "ScriptsBanco", "ScriptsBanco", "{E50CFDDA-47F2-4941-A4E3-E875B46753EB}"
	ProjectSection(SolutionItems) = preProject
		..\..\Projetos\AvaliacaoReserve\SQLQueryCriarBanco.sql = ..\..\Projetos\AvaliacaoReserve\SQLQueryCriarBanco.sql
		..\..\Projetos\AvaliacaoReserve\SQLQueryInserindoDados.sql = ..\..\Projetos\AvaliacaoReserve\SQLQueryInserindoDados.sql
		..\..\Projetos\AvaliacaoReserve\SQLQuerySP.sql = ..\..\Projetos\AvaliacaoReserve\SQLQuerySP.sql
	EndProjectSection
EndProject
Global
	GlobalSection(SolutionConfigurationPlatforms) = preSolution
		Debug|Any CPU = Debug|Any CPU
		Release|Any CPU = Release|Any CPU
	EndGlobalSection
	GlobalSection(ProjectConfigurationPlatforms) = postSolution
		{F6007330-6978-4590-A847-F51D61603219}.Debug|Any CPU.ActiveCfg = Debug|Any CPU
		{F6007330-6978-4590-A847-F51D61603219}.Debug|Any CPU.Build.0 = Debug|Any CPU
		{F6007330-6978-4590-A847-F51D61603219}.Release|Any CPU.ActiveCfg = Release|Any CPU
		{F6007330-6978-4590-A847-F51D61603219}.Release|Any CPU.Build.0 = Release|Any CPU
		{687EFC9D-5972-45DD-8D67-FC331C8376C7}.Debug|Any CPU.ActiveCfg = Debug|Any CPU
		{687EFC9D-5972-45DD-8D67-FC331C8376C7}.Debug|Any CPU.Build.0 = Debug|Any CPU
		{687EFC9D-5972-45DD-8D67-FC331C8376C7}.Release|Any CPU.ActiveCfg = Release|Any CPU
		{687EFC9D-5972-45DD-8D67-FC331C8376C7}.Release|Any CPU.Build.0 = Release|Any CPU
	EndGlobalSection
	GlobalSection(SolutionProperties) = preSolution
		HideSolutionNode = FALSE
	EndGlobalSection
	GlobalSection(ExtensibilityGlobals) = postSolution
		SolutionGuid = {97E0A764-8309-4F12-9F81-284B2B23297B}
	EndGlobalSection
EndGlobal
