
Microsoft Visual Studio Solution File, Format Version 12.00
# Visual Studio Version 16
VisualStudioVersion = 16.0.29613.14
MinimumVisualStudioVersion = 10.0.40219.1
Project("{FAE04EC0-301F-11D3-BF4B-00C04F79EFBC}") = "Avaliacao.Tests", "Avaliacao.Tests\Avaliacao.Tests.csproj", "{F73D226F-D72A-490A-A0C4-F41C2F2BC89A}"
EndProject
Project("{FAE04EC0-301F-11D3-BF4B-00C04F79EFBC}") = "Avaliacao.Console", "Avaliacao.Console\Avaliacao.Console.csproj", "{3F7E477C-0C9F-4BD2-A8F6-98150CE7B725}"
EndProject
Global
	GlobalSection(SolutionConfigurationPlatforms) = preSolution
		Debug|Any CPU = Debug|Any CPU
		Release|Any CPU = Release|Any CPU
	EndGlobalSection
	GlobalSection(ProjectConfigurationPlatforms) = postSolution
		{F73D226F-D72A-490A-A0C4-F41C2F2BC89A}.Debug|Any CPU.ActiveCfg = Debug|Any CPU
		{F73D226F-D72A-490A-A0C4-F41C2F2BC89A}.Debug|Any CPU.Build.0 = Debug|Any CPU
		{F73D226F-D72A-490A-A0C4-F41C2F2BC89A}.Release|Any CPU.ActiveCfg = Release|Any CPU
		{F73D226F-D72A-490A-A0C4-F41C2F2BC89A}.Release|Any CPU.Build.0 = Release|Any CPU
		{3F7E477C-0C9F-4BD2-A8F6-98150CE7B725}.Debug|Any CPU.ActiveCfg = Debug|Any CPU
		{3F7E477C-0C9F-4BD2-A8F6-98150CE7B725}.Debug|Any CPU.Build.0 = Debug|Any CPU
		{3F7E477C-0C9F-4BD2-A8F6-98150CE7B725}.Release|Any CPU.ActiveCfg = Release|Any CPU
		{3F7E477C-0C9F-4BD2-A8F6-98150CE7B725}.Release|Any CPU.Build.0 = Release|Any CPU
	EndGlobalSection
	GlobalSection(SolutionProperties) = preSolution
		HideSolutionNode = FALSE
	EndGlobalSection
	GlobalSection(ExtensibilityGlobals) = postSolution
		SolutionGuid = {97E0A764-8309-4F12-9F81-284B2B23297B}
	EndGlobalSection
EndGlobal
